// !$*UTF8*$!
{
	archiveVersion = 1;
	classes = {
	};
	objectVersion = 50;
	objects = {

/* Begin PBXBuildFile section */
		08784BC8C5DC3217A773B72A /* Pods_IosShared.framework in Frameworks */ = {isa = PBXBuildFile; fileRef = B04183467874835A44930BA6 /* Pods_IosShared.framework */; };
		8D0F6E5124536A8D00B4E8AC /* AppDelegate.swift in Sources */ = {isa = PBXBuildFile; fileRef = 8D0F6E5024536A8D00B4E8AC /* AppDelegate.swift */; };
		8D0F6E5324536A8D00B4E8AC /* SceneDelegate.swift in Sources */ = {isa = PBXBuildFile; fileRef = 8D0F6E5224536A8D00B4E8AC /* SceneDelegate.swift */; };
		8D0F6E5524536A8D00B4E8AC /* ContentView.swift in Sources */ = {isa = PBXBuildFile; fileRef = 8D0F6E5424536A8D00B4E8AC /* ContentView.swift */; };
		8D0F6E5724536A8E00B4E8AC /* Assets.xcassets in Resources */ = {isa = PBXBuildFile; fileRef = 8D0F6E5624536A8E00B4E8AC /* Assets.xcassets */; };
		8D0F6E5A24536A8E00B4E8AC /* Preview Assets.xcassets in Resources */ = {isa = PBXBuildFile; fileRef = 8D0F6E5924536A8E00B4E8AC /* Preview Assets.xcassets */; };
		8D0F6E5D24536A8E00B4E8AC /* LaunchScreen.storyboard in Resources */ = {isa = PBXBuildFile; fileRef = 8D0F6E5B24536A8E00B4E8AC /* LaunchScreen.storyboard */; };
/* End PBXBuildFile section */

/* Begin PBXFileReference section */
		4192C9A2229B3524ED2BBB49 /* Pods-IosShared.release.xcconfig */ = {isa = PBXFileReference; includeInIndex = 1; lastKnownFileType = text.xcconfig; name = "Pods-IosShared.release.xcconfig"; path = "Target Support Files/Pods-IosShared/Pods-IosShared.release.xcconfig"; sourceTree = "<group>"; };
		8D0F6E4D24536A8D00B4E8AC /* IosShared.app */ = {isa = PBXFileReference; explicitFileType = wrapper.application; includeInIndex = 0; path = IosShared.app; sourceTree = BUILT_PRODUCTS_DIR; };
		8D0F6E5024536A8D00B4E8AC /* AppDelegate.swift */ = {isa = PBXFileReference; lastKnownFileType = sourcecode.swift; path = AppDelegate.swift; sourceTree = "<group>"; };
		8D0F6E5224536A8D00B4E8AC /* SceneDelegate.swift */ = {isa = PBXFileReference; lastKnownFileType = sourcecode.swift; path = SceneDelegate.swift; sourceTree = "<group>"; };
		8D0F6E5424536A8D00B4E8AC /* ContentView.swift */ = {isa = PBXFileReference; lastKnownFileType = sourcecode.swift; path = ContentView.swift; sourceTree = "<group>"; };
		8D0F6E5624536A8E00B4E8AC /* Assets.xcassets */ = {isa = PBXFileReference; lastKnownFileType = folder.assetcatalog; path = Assets.xcassets; sourceTree = "<group>"; };
		8D0F6E5924536A8E00B4E8AC /* Preview Assets.xcassets */ = {isa = PBXFileReference; lastKnownFileType = folder.assetcatalog; path = "Preview Assets.xcassets"; sourceTree = "<group>"; };
		8D0F6E5C24536A8E00B4E8AC /* Base */ = {isa = PBXFileReference; lastKnownFileType = file.storyboard; name = Base; path = Base.lproj/LaunchScreen.storyboard; sourceTree = "<group>"; };
		8D0F6E5E24536A8E00B4E8AC /* Info.plist */ = {isa = PBXFileReference; lastKnownFileType = text.plist.xml; path = Info.plist; sourceTree = "<group>"; };
		B04183467874835A44930BA6 /* Pods_IosShared.framework */ = {isa = PBXFileReference; explicitFileType = wrapper.framework; includeInIndex = 0; path = Pods_IosShared.framework; sourceTree = BUILT_PRODUCTS_DIR; };
		C8306DC6521917FCD23E18AA /* Pods-IosShared.debug.xcconfig */ = {isa = PBXFileReference; includeInIndex = 1; lastKnownFileType = text.xcconfig; name = "Pods-IosShared.debug.xcconfig"; path = "Target Support Files/Pods-IosShared/Pods-IosShared.debug.xcconfig"; sourceTree = "<group>"; };
/* End PBXFileReference section */

/* Begin PBXFrameworksBuildPhase section */
		8D0F6E4A24536A8D00B4E8AC /* Frameworks */ = {
			isa = PBXFrameworksBuildPhase;
			buildActionMask = 2147483647;
			files = (
				08784BC8C5DC3217A773B72A /* Pods_IosShared.framework in Frameworks */,
			);
			runOnlyForDeploymentPostprocessing = 0;
		};
/* End PBXFrameworksBuildPhase section */

/* Begin PBXGroup section */
		0818CE86911BAD7007433B74 /* Frameworks */ = {
			isa = PBXGroup;
			children = (
				B04183467874835A44930BA6 /* Pods_IosShared.framework */,
			);
			name = Frameworks;
			sourceTree = "<group>";
		};
		2DE92FC948E258D4514FF821 /* Pods */ = {
			isa = PBXGroup;
			children = (
				C8306DC6521917FCD23E18AA /* Pods-IosShared.debug.xcconfig */,
				4192C9A2229B3524ED2BBB49 /* Pods-IosShared.release.xcconfig */,
			);
			name = Pods;
			path = Pods;
			sourceTree = "<group>";
		};
		8D0F6E4424536A8D00B4E8AC = {
			isa = PBXGroup;
			children = (
				8D0F6E4F24536A8D00B4E8AC /* IosShared */,
				8D0F6E4E24536A8D00B4E8AC /* Products */,
				2DE92FC948E258D4514FF821 /* Pods */,
				0818CE86911BAD7007433B74 /* Frameworks */,
			);
			sourceTree = "<group>";
		};
		8D0F6E4E24536A8D00B4E8AC /* Products */ = {
			isa = PBXGroup;
			children = (
				8D0F6E4D24536A8D00B4E8AC /* IosShared.app */,
			);
			name = Products;
			sourceTree = "<group>";
		};
		8D0F6E4F24536A8D00B4E8AC /* IosShared */ = {
			isa = PBXGroup;
			children = (
				8D0F6E5024536A8D00B4E8AC /* AppDelegate.swift */,
				8D0F6E5224536A8D00B4E8AC /* SceneDelegate.swift */,
				8D0F6E5424536A8D00B4E8AC /* ContentView.swift */,
				8D0F6E5624536A8E00B4E8AC /* Assets.xcassets */,
				8D0F6E5B24536A8E00B4E8AC /* LaunchScreen.storyboard */,
				8D0F6E5E24536A8E00B4E8AC /* Info.plist */,
				8D0F6E5824536A8E00B4E8AC /* Preview Content */,
			);
			path = IosShared;
			sourceTree = "<group>";
		};
		8D0F6E5824536A8E00B4E8AC /* Preview Content */ = {
			isa = PBXGroup;
			children = (
				8D0F6E5924536A8E00B4E8AC /* Preview Assets.xcassets */,
			);
			path = "Preview Content";
			sourceTree = "<group>";
		};
/* End PBXGroup section */

/* Begin PBXNativeTarget section */
		8D0F6E4C24536A8D00B4E8AC /* IosShared */ = {
			isa = PBXNativeTarget;
			buildConfigurationList = 8D0F6E6124536A8E00B4E8AC /* Build configuration list for PBXNativeTarget "IosShared" */;
			buildPhases = (
				6969B76E4AA70198EF8F9FB3 /* [CP] Check Pods Manifest.lock */,
				8D0F6E4924536A8D00B4E8AC /* Sources */,
				8D0F6E4A24536A8D00B4E8AC /* Frameworks */,
				8D0F6E4B24536A8D00B4E8AC /* Resources */,
			);
			buildRules = (
			);
			dependencies = (
			);
			name = IosShared;
			productName = IosShared;
			productReference = 8D0F6E4D24536A8D00B4E8AC /* IosShared.app */;
			productType = "com.apple.product-type.application";
		};
/* End PBXNativeTarget section */

/* Begin PBXProject section */
		8D0F6E4524536A8D00B4E8AC /* Project object */ = {
			isa = PBXProject;
			attributes = {
				LastSwiftUpdateCheck = 1140;
				LastUpgradeCheck = 1140;
				ORGANIZATIONNAME = "Carmelo Iriti";
				TargetAttributes = {
					8D0F6E4C24536A8D00B4E8AC = {
						CreatedOnToolsVersion = 11.4.1;
					};
				};
			};
			buildConfigurationList = 8D0F6E4824536A8D00B4E8AC /* Build configuration list for PBXProject "IosShared" */;
			compatibilityVersion = "Xcode 9.3";
			developmentRegion = en;
			hasScannedForEncodings = 0;
			knownRegions = (
				en,
				Base,
			);
			mainGroup = 8D0F6E4424536A8D00B4E8AC;
			productRefGroup = 8D0F6E4E24536A8D00B4E8AC /* Products */;
			projectDirPath = "";
			projectRoot = "";
			targets = (
				8D0F6E4C24536A8D00B4E8AC /* IosShared */,
			);
		};
/* End PBXProject section */

/* Begin PBXResourcesBuildPhase section */
		8D0F6E4B24536A8D00B4E8AC /* Resources */ = {
			isa = PBXResourcesBuildPhase;
			buildActionMask = 2147483647;
			files = (
				8D0F6E5D24536A8E00B4E8AC /* LaunchScreen.storyboard in Resources */,
				8D0F6E5A24536A8E00B4E8AC /* Preview Assets.xcassets in Resources */,
				8D0F6E5724536A8E00B4E8AC /* Assets.xcassets in Resources */,
			);
			runOnlyForDeploymentPostprocessing = 0;
		};
/* End PBXResourcesBuildPhase section */

/* Begin PBXShellScriptBuildPhase section */
		6969B76E4AA70198EF8F9FB3 /* [CP] Check Pods Manifest.lock */ = {
			isa = PBXShellScriptBuildPhase;
			buildActionMask = 2147483647;
			files = (
			);
			inputFileListPaths = (
			);
			inputPaths = (
				"${PODS_PODFILE_DIR_PATH}/Podfile.lock",
				"${PODS_ROOT}/Manifest.lock",
			);
			name = "[CP] Check Pods Manifest.lock";
			outputFileListPaths = (
			);
			outputPaths = (
				"$(DERIVED_FILE_DIR)/Pods-IosShared-checkManifestLockResult.txt",
			);
			runOnlyForDeploymentPostprocessing = 0;
			shellPath = /bin/sh;
			shellScript = "diff \"${PODS_PODFILE_DIR_PATH}/Podfile.lock\" \"${PODS_ROOT}/Manifest.lock\" > /dev/null\nif [ $? != 0 ] ; then\n    # print error to STDERR\n    echo \"error: The sandbox is not in sync with the Podfile.lock. Run 'pod install' or update your CocoaPods installation.\" >&2\n    exit 1\nfi\n# This output is used by Xcode 'outputs' to avoid re-running this script phase.\necho \"SUCCESS\" > \"${SCRIPT_OUTPUT_FILE_0}\"\n";
			showEnvVarsInLog = 0;
		};
/* End PBXShellScriptBuildPhase section */

/* Begin PBXSourcesBuildPhase section */
		8D0F6E4924536A8D00B4E8AC /* Sources */ = {
			isa = PBXSourcesBuildPhase;
			buildActionMask = 2147483647;
			files = (
				8D0F6E5124536A8D00B4E8AC /* AppDelegate.swift in Sources */,
				8D0F6E5324536A8D00B4E8AC /* SceneDelegate.swift in Sources */,
				8D0F6E5524536A8D00B4E8AC /* ContentView.swift in Sources */,
			);
			runOnlyForDeploymentPostprocessing = 0;
		};
/* End PBXSourcesBuildPhase section */

/* Begin PBXVariantGroup section */
		8D0F6E5B24536A8E00B4E8AC /* LaunchScreen.storyboard */ = {
			isa = PBXVariantGroup;
			children = (
				8D0F6E5C24536A8E00B4E8AC /* Base */,
			);
			name = LaunchScreen.storyboard;
			sourceTree = "<group>";
		};
/* End PBXVariantGroup section */

/* Begin XCBuildConfiguration section */
		8D0F6E5F24536A8E00B4E8AC /* Debug */ = {
			isa = XCBuildConfiguration;
			buildSettings = {
				ALWAYS_SEARCH_USER_PATHS = NO;
				CLANG_ANALYZER_NONNULL = YES;
				CLANG_ANALYZER_NUMBER_OBJECT_CONVERSION = YES_AGGRESSIVE;
				CLANG_CXX_LANGUAGE_STANDARD = "gnu++14";
				CLANG_CXX_LIBRARY = "libc++";
				CLANG_ENABLE_MODULES = YES;
				CLANG_ENABLE_OBJC_ARC = YES;
				CLANG_ENABLE_OBJC_WEAK = YES;
				CLANG_WARN_BLOCK_CAPTURE_AUTORELEASING = YES;
				CLANG_WARN_BOOL_CONVERSION = YES;
				CLANG_WARN_COMMA = YES;
				CLANG_WARN_CONSTANT_CONVERSION = YES;
				CLANG_WARN_DEPRECATED_OBJC_IMPLEMENTATIONS = YES;
				CLANG_WARN_DIRECT_OBJC_ISA_USAGE = YES_ERROR;
				CLANG_WARN_DOCUMENTATION_COMMENTS = YES;
				CLANG_WARN_EMPTY_BODY = YES;
				CLANG_WARN_ENUM_CONVERSION = YES;
				CLANG_WARN_INFINITE_RECURSION = YES;
				CLANG_WARN_INT_CONVERSION = YES;
				CLANG_WARN_NON_LITERAL_NULL_CONVERSION = YES;
				CLANG_WARN_OBJC_IMPLICIT_RETAIN_SELF = YES;
				CLANG_WARN_OBJC_LITERAL_CONVERSION = YES;
				CLANG_WARN_OBJC_ROOT_CLASS = YES_ERROR;
				CLANG_WARN_RANGE_LOOP_ANALYSIS = YES;
				CLANG_WARN_STRICT_PROTOTYPES = YES;
				CLANG_WARN_SUSPICIOUS_MOVE = YES;
				CLANG_WARN_UNGUARDED_AVAILABILITY = YES_AGGRESSIVE;
				CLANG_WARN_UNREACHABLE_CODE = YES;
				CLANG_WARN__DUPLICATE_METHOD_MATCH = YES;
				COPY_PHASE_STRIP = NO;
				DEBUG_INFORMATION_FORMAT = dwarf;
				ENABLE_STRICT_OBJC_MSGSEND = YES;
				ENABLE_TESTABILITY = YES;
				GCC_C_LANGUAGE_STANDARD = gnu11;
				GCC_DYNAMIC_NO_PIC = NO;
				GCC_NO_COMMON_BLOCKS = YES;
				GCC_OPTIMIZATION_LEVEL = 0;
				GCC_PREPROCESSOR_DEFINITIONS = (
					"DEBUG=1",
					"$(inherited)",
				);
				GCC_WARN_64_TO_32_BIT_CONVERSION = YES;
				GCC_WARN_ABOUT_RETURN_TYPE = YES_ERROR;
				GCC_WARN_UNDECLARED_SELECTOR = YES;
				GCC_WARN_UNINITIALIZED_AUTOS = YES_AGGRESSIVE;
				GCC_WARN_UNUSED_FUNCTION = YES;
				GCC_WARN_UNUSED_VARIABLE = YES;
				IPHONEOS_DEPLOYMENT_TARGET = 13.4;
				MTL_ENABLE_DEBUG_INFO = INCLUDE_SOURCE;
				MTL_FAST_MATH = YES;
				ONLY_ACTIVE_ARCH = YES;
				SDKROOT = iphoneos;
				SWIFT_ACTIVE_COMPILATION_CONDITIONS = DEBUG;
				SWIFT_OPTIMIZATION_LEVEL = "-Onone";
			};
			name = Debug;
		};
		8D0F6E6024536A8E00B4E8AC /* Release */ = {
			isa = XCBuildConfiguration;
			buildSettings = {
				ALWAYS_SEARCH_USER_PATHS = NO;
				CLANG_ANALYZER_NONNULL = YES;
				CLANG_ANALYZER_NUMBER_OBJECT_CONVERSION = YES_AGGRESSIVE;
				CLANG_CXX_LANGUAGE_STANDARD = "gnu++14";
				CLANG_CXX_LIBRARY = "libc++";
				CLANG_ENABLE_MODULES = YES;
				CLANG_ENABLE_OBJC_ARC = YES;
				CLANG_ENABLE_OBJC_WEAK = YES;
				CLANG_WARN_BLOCK_CAPTURE_AUTORELEASING = YES;
				CLANG_WARN_BOOL_CONVERSION = YES;
				CLANG_WARN_COMMA = YES;
				CLANG_WARN_CONSTANT_CONVERSION = YES;
				CLANG_WARN_DEPRECATED_OBJC_IMPLEMENTATIONS = YES;
				CLANG_WARN_DIRECT_OBJC_ISA_USAGE = YES_ERROR;
				CLANG_WARN_DOCUMENTATION_COMMENTS = YES;
				CLANG_WARN_EMPTY_BODY = YES;
				CLANG_WARN_ENUM_CONVERSION = YES;
				CLANG_WARN_INFINITE_RECURSION = YES;
				CLANG_WARN_INT_CONVERSION = YES;
				CLANG_WARN_NON_LITERAL_NULL_CONVERSION = YES;
				CLANG_WARN_OBJC_IMPLICIT_RETAIN_SELF = YES;
				CLANG_WARN_OBJC_LITERAL_CONVERSION = YES;
				CLANG_WARN_OBJC_ROOT_CLASS = YES_ERROR;
				CLANG_WARN_RANGE_LOOP_ANALYSIS = YES;
				CLANG_WARN_STRICT_PROTOTYPES = YES;
				CLANG_WARN_SUSPICIOUS_MOVE = YES;
				CLANG_WARN_UNGUARDED_AVAILABILITY = YES_AGGRESSIVE;
				CLANG_WARN_UNREACHABLE_CODE = YES;
				CLANG_WARN__DUPLICATE_METHOD_MATCH = YES;
				COPY_PHASE_STRIP = NO;
				DEBUG_INFORMATION_FORMAT = "dwarf-with-dsym";
				ENABLE_NS_ASSERTIONS = NO;
				ENABLE_STRICT_OBJC_MSGSEND = YES;
				GCC_C_LANGUAGE_STANDARD = gnu11;
				GCC_NO_COMMON_BLOCKS = YES;
				GCC_WARN_64_TO_32_BIT_CONVERSION = YES;
				GCC_WARN_ABOUT_RETURN_TYPE = YES_ERROR;
				GCC_WARN_UNDECLARED_SELECTOR = YES;
				GCC_WARN_UNINITIALIZED_AUTOS = YES_AGGRESSIVE;
				GCC_WARN_UNUSED_FUNCTION = YES;
				GCC_WARN_UNUSED_VARIABLE = YES;
				IPHONEOS_DEPLOYMENT_TARGET = 13.4;
				MTL_ENABLE_DEBUG_INFO = NO;
				MTL_FAST_MATH = YES;
				SDKROOT = iphoneos;
				SWIFT_COMPILATION_MODE = wholemodule;
				SWIFT_OPTIMIZATION_LEVEL = "-O";
				VALIDATE_PRODUCT = YES;
			};
			name = Release;
		};
		8D0F6E6224536A8E00B4E8AC /* Debug */ = {
			isa = XCBuildConfiguration;
			baseConfigurationReference = C8306DC6521917FCD23E18AA /* Pods-IosShared.debug.xcconfig */;
			buildSettings = {
				ASSETCATALOG_COMPILER_APPICON_NAME = AppIcon;
				CODE_SIGN_STYLE = Automatic;
				DEVELOPMENT_ASSET_PATHS = "\"IosShared/Preview Content\"";
				ENABLE_PREVIEWS = YES;
				INFOPLIST_FILE = IosShared/Info.plist;
				LD_RUNPATH_SEARCH_PATHS = (
					"$(inherited)",
					"@executable_path/Frameworks",
				);
				PRODUCT_BUNDLE_IDENTIFIER = com.ciriti.testpod.IosShared;
				PRODUCT_NAME = "$(TARGET_NAME)";
				SWIFT_VERSION = 5.0;
				TARGETED_DEVICE_FAMILY = "1,2";
			};
			name = Debug;
		};
		8D0F6E6324536A8E00B4E8AC /* Release */ = {
			isa = XCBuildConfiguration;
			baseConfigurationReference = 4192C9A2229B3524ED2BBB49 /* Pods-IosShared.release.xcconfig */;
			buildSettings = {
				ASSETCATALOG_COMPILER_APPICON_NAME = AppIcon;
				CODE_SIGN_STYLE = Automatic;
				DEVELOPMENT_ASSET_PATHS = "\"IosShared/Preview Content\"";
				ENABLE_PREVIEWS = YES;
				INFOPLIST_FILE = IosShared/Info.plist;
				LD_RUNPATH_SEARCH_PATHS = (
					"$(inherited)",
					"@executable_path/Frameworks",
				);
				PRODUCT_BUNDLE_IDENTIFIER = com.ciriti.testpod.IosShared;
				PRODUCT_NAME = "$(TARGET_NAME)";
				SWIFT_VERSION = 5.0;
				TARGETED_DEVICE_FAMILY = "1,2";
			};
			name = Release;
		};
/* End XCBuildConfiguration section */

/* Begin XCConfigurationList section */
		8D0F6E4824536A8D00B4E8AC /* Build configuration list for PBXProject "IosShared" */ = {
			isa = XCConfigurationList;
			buildConfigurations = (
				8D0F6E5F24536A8E00B4E8AC /* Debug */,
				8D0F6E6024536A8E00B4E8AC /* Release */,
			);
			defaultConfigurationIsVisible = 0;
			defaultConfigurationName = Release;
		};
		8D0F6E6124536A8E00B4E8AC /* Build configuration list for PBXNativeTarget "IosShared" */ = {
			isa = XCConfigurationList;
			buildConfigurations = (
				8D0F6E6224536A8E00B4E8AC /* Debug */,
				8D0F6E6324536A8E00B4E8AC /* Release */,
			);
			defaultConfigurationIsVisible = 0;
			defaultConfigurationName = Release;
		};
/* End XCConfigurationList section */
	};
	rootObject = 8D0F6E4524536A8D00B4E8AC /* Project object */;
}
